
Microsoft Visual Studio Solution File, Format Version 12.00
# Visual Studio Version 16
VisualStudioVersion = 16.0.31515.178
MinimumVisualStudioVersion = 10.0.40219.1
Project("{FAE04EC0-301F-11D3-BF4B-00C04F79EFBC}") = "NetCoreAngularDocker", "NetCoreAngularDocker.csproj", "{CD1DC0AA-EC72-42D0-9C90-03893DDB3DE3}"
EndProject
Global
	GlobalSection(SolutionConfigurationPlatforms) = preSolution
		Debug|Any CPU = Debug|Any CPU
		Release|Any CPU = Release|Any CPU
	EndGlobalSection
	GlobalSection(ProjectConfigurationPlatforms) = postSolution
		{CD1DC0AA-EC72-42D0-9C90-03893DDB3DE3}.Debug|Any CPU.ActiveCfg = Debug|Any CPU
		{CD1DC0AA-EC72-42D0-9C90-03893DDB3DE3}.Debug|Any CPU.Build.0 = Debug|Any CPU
		{CD1DC0AA-EC72-42D0-9C90-03893DDB3DE3}.Release|Any CPU.ActiveCfg = Release|Any CPU
		{CD1DC0AA-EC72-42D0-9C90-03893DDB3DE3}.Release|Any CPU.Build.0 = Release|Any CPU
	EndGlobalSection
	GlobalSection(SolutionProperties) = preSolution
		HideSolutionNode = FALSE
	EndGlobalSection
	GlobalSection(ExtensibilityGlobals) = postSolution
		SolutionGuid = {1BAB0402-AD43-498D-A904-7D21DFF73B9A}
	EndGlobalSection
EndGlobal
